
Microsoft Visual Studio Solution File, Format Version 12.00
Project("{FAE04EC0-301F-11D3-BF4B-00C04F79EFBC}") = "Dfe.Spi.Search.Functions", "Dfe.Spi.Search.Functions\Dfe.Spi.Search.Functions.csproj", "{A03F5F3F-5B5C-4177-B01E-513655EA8632}"
EndProject
Project("{FAE04EC0-301F-11D3-BF4B-00C04F79EFBC}") = "Dfe.Spi.Search.Domain", "Dfe.Spi.Search.Domain\Dfe.Spi.Search.Domain.csproj", "{5B6DCEDE-7737-4717-9A07-DFC41581147E}"
EndProject
Project("{FAE04EC0-301F-11D3-BF4B-00C04F79EFBC}") = "Dfe.Spi.Search.Application", "Dfe.Spi.Search.Application\Dfe.Spi.Search.Application.csproj", "{D82B8640-7A0A-48BF-B795-87AD872D11B3}"
EndProject
Project("{FAE04EC0-301F-11D3-BF4B-00C04F79EFBC}") = "Dfe.Spi.Search.Infrastructure.AzureCognitiveSearch", "Dfe.Spi.Search.Infrastructure.AzureCognitiveSearch\Dfe.Spi.Search.Infrastructure.AzureCognitiveSearch.csproj", "{7DA3AD97-DE7B-4316-A5B0-2134A826B2F6}"
EndProject
Project("{2150E333-8FDC-42A3-9474-1A3956D46DE8}") = "Tools", "Tools", "{129A2C58-3E8B-4547-B6B2-F826048F7C03}"
EndProject
Project("{FAE04EC0-301F-11D3-BF4B-00C04F79EFBC}") = "GiasDataLoader", "GiasDataLoader\GiasDataLoader.csproj", "{B579D114-FB41-40BD-BF2C-AD9B75DEF809}"
EndProject
Project("{2150E333-8FDC-42A3-9474-1A3956D46DE8}") = "Tests", "Tests", "{20AFE215-3D79-4548-ABC4-494650073654}"
EndProject
Project("{FAE04EC0-301F-11D3-BF4B-00C04F79EFBC}") = "Dfe.Spi.Search.Functions.UnitTests", "Dfe.Spi.Search.Functions.UnitTests\Dfe.Spi.Search.Functions.UnitTests.csproj", "{73D97A3B-B952-400B-814E-C49282DF4DA8}"
EndProject
Project("{FAE04EC0-301F-11D3-BF4B-00C04F79EFBC}") = "Dfe.Spi.Search.Application.UnitTests", "Dfe.Spi.Search.Application.UnitTests\Dfe.Spi.Search.Application.UnitTests.csproj", "{F9DE801E-7F76-42AA-9485-BF521448502C}"
EndProject
Project("{2150E333-8FDC-42A3-9474-1A3956D46DE8}") = "Deploy", "Deploy", "{4470EF8B-EDF3-4137-8425-70DFD2266FA1}"
EndProject
Project("{2150E333-8FDC-42A3-9474-1A3956D46DE8}") = "Build", "Build", "{E9CDBECB-37E3-489C-ABE4-6E82CDC6F6E0}"
ProjectSection(SolutionItems) = preProject
	..\pipelines\build.yml = ..\pipelines\build.yml
EndProjectSection
EndProject
Project("{2150E333-8FDC-42A3-9474-1A3956D46DE8}") = "Release", "Release", "{1AE7F121-CCBD-4E59-B070-011AC16F8CCA}"
ProjectSection(SolutionItems) = preProject
	..\azure\template.json = ..\azure\template.json
EndProjectSection
EndProject
Global
	GlobalSection(SolutionConfigurationPlatforms) = preSolution
		Debug|Any CPU = Debug|Any CPU
		Release|Any CPU = Release|Any CPU
	EndGlobalSection
	GlobalSection(ProjectConfigurationPlatforms) = postSolution
		{A03F5F3F-5B5C-4177-B01E-513655EA8632}.Debug|Any CPU.ActiveCfg = Debug|Any CPU
		{A03F5F3F-5B5C-4177-B01E-513655EA8632}.Debug|Any CPU.Build.0 = Debug|Any CPU
		{A03F5F3F-5B5C-4177-B01E-513655EA8632}.Release|Any CPU.ActiveCfg = Release|Any CPU
		{A03F5F3F-5B5C-4177-B01E-513655EA8632}.Release|Any CPU.Build.0 = Release|Any CPU
		{5B6DCEDE-7737-4717-9A07-DFC41581147E}.Debug|Any CPU.ActiveCfg = Debug|Any CPU
		{5B6DCEDE-7737-4717-9A07-DFC41581147E}.Debug|Any CPU.Build.0 = Debug|Any CPU
		{5B6DCEDE-7737-4717-9A07-DFC41581147E}.Release|Any CPU.ActiveCfg = Release|Any CPU
		{5B6DCEDE-7737-4717-9A07-DFC41581147E}.Release|Any CPU.Build.0 = Release|Any CPU
		{D82B8640-7A0A-48BF-B795-87AD872D11B3}.Debug|Any CPU.ActiveCfg = Debug|Any CPU
		{D82B8640-7A0A-48BF-B795-87AD872D11B3}.Debug|Any CPU.Build.0 = Debug|Any CPU
		{D82B8640-7A0A-48BF-B795-87AD872D11B3}.Release|Any CPU.ActiveCfg = Release|Any CPU
		{D82B8640-7A0A-48BF-B795-87AD872D11B3}.Release|Any CPU.Build.0 = Release|Any CPU
		{7DA3AD97-DE7B-4316-A5B0-2134A826B2F6}.Debug|Any CPU.ActiveCfg = Debug|Any CPU
		{7DA3AD97-DE7B-4316-A5B0-2134A826B2F6}.Debug|Any CPU.Build.0 = Debug|Any CPU
		{7DA3AD97-DE7B-4316-A5B0-2134A826B2F6}.Release|Any CPU.ActiveCfg = Release|Any CPU
		{7DA3AD97-DE7B-4316-A5B0-2134A826B2F6}.Release|Any CPU.Build.0 = Release|Any CPU
		{B579D114-FB41-40BD-BF2C-AD9B75DEF809}.Debug|Any CPU.ActiveCfg = Debug|Any CPU
		{B579D114-FB41-40BD-BF2C-AD9B75DEF809}.Debug|Any CPU.Build.0 = Debug|Any CPU
		{B579D114-FB41-40BD-BF2C-AD9B75DEF809}.Release|Any CPU.ActiveCfg = Release|Any CPU
		{B579D114-FB41-40BD-BF2C-AD9B75DEF809}.Release|Any CPU.Build.0 = Release|Any CPU
		{73D97A3B-B952-400B-814E-C49282DF4DA8}.Debug|Any CPU.ActiveCfg = Debug|Any CPU
		{73D97A3B-B952-400B-814E-C49282DF4DA8}.Debug|Any CPU.Build.0 = Debug|Any CPU
		{73D97A3B-B952-400B-814E-C49282DF4DA8}.Release|Any CPU.ActiveCfg = Release|Any CPU
		{73D97A3B-B952-400B-814E-C49282DF4DA8}.Release|Any CPU.Build.0 = Release|Any CPU
		{F9DE801E-7F76-42AA-9485-BF521448502C}.Debug|Any CPU.ActiveCfg = Debug|Any CPU
		{F9DE801E-7F76-42AA-9485-BF521448502C}.Debug|Any CPU.Build.0 = Debug|Any CPU
		{F9DE801E-7F76-42AA-9485-BF521448502C}.Release|Any CPU.ActiveCfg = Release|Any CPU
		{F9DE801E-7F76-42AA-9485-BF521448502C}.Release|Any CPU.Build.0 = Release|Any CPU
	EndGlobalSection
	GlobalSection(NestedProjects) = preSolution
		{B579D114-FB41-40BD-BF2C-AD9B75DEF809} = {129A2C58-3E8B-4547-B6B2-F826048F7C03}
		{73D97A3B-B952-400B-814E-C49282DF4DA8} = {20AFE215-3D79-4548-ABC4-494650073654}
		{F9DE801E-7F76-42AA-9485-BF521448502C} = {20AFE215-3D79-4548-ABC4-494650073654}
		{E9CDBECB-37E3-489C-ABE4-6E82CDC6F6E0} = {4470EF8B-EDF3-4137-8425-70DFD2266FA1}
		{1AE7F121-CCBD-4E59-B070-011AC16F8CCA} = {4470EF8B-EDF3-4137-8425-70DFD2266FA1}
	EndGlobalSection
EndGlobal
